
Microsoft Visual Studio Solution File, Format Version 12.00
# Visual Studio Version 17
VisualStudioVersion = 17.7.34202.233
MinimumVisualStudioVersion = 10.0.40219.1
Project("{FAE04EC0-301F-11D3-BF4B-00C04F79EFBC}") = "Task1", "Task1.csproj", "{38118591-5EE8-4C4D-AB8D-2E8C58FD3ADE}"
EndProject
Project("{FAE04EC0-301F-11D3-BF4B-00C04F79EFBC}") = "Task2", "..\Task2\Task2.csproj", "{5B5CC5B5-E3E2-46E4-8AEE-338A4788E5F8}"
EndProject
Project("{FAE04EC0-301F-11D3-BF4B-00C04F79EFBC}") = "Task3", "..\Task3\Task3.csproj", "{1C4708C5-B75C-4D1D-A306-278F77035411}"
EndProject
Global
	GlobalSection(SolutionConfigurationPlatforms) = preSolution
		Debug|Any CPU = Debug|Any CPU
		Release|Any CPU = Release|Any CPU
	EndGlobalSection
	GlobalSection(ProjectConfigurationPlatforms) = postSolution
		{38118591-5EE8-4C4D-AB8D-2E8C58FD3ADE}.Debug|Any CPU.ActiveCfg = Debug|Any CPU
		{38118591-5EE8-4C4D-AB8D-2E8C58FD3ADE}.Debug|Any CPU.Build.0 = Debug|Any CPU
		{38118591-5EE8-4C4D-AB8D-2E8C58FD3ADE}.Release|Any CPU.ActiveCfg = Release|Any CPU
		{38118591-5EE8-4C4D-AB8D-2E8C58FD3ADE}.Release|Any CPU.Build.0 = Release|Any CPU
		{5B5CC5B5-E3E2-46E4-8AEE-338A4788E5F8}.Debug|Any CPU.ActiveCfg = Debug|Any CPU
		{5B5CC5B5-E3E2-46E4-8AEE-338A4788E5F8}.Debug|Any CPU.Build.0 = Debug|Any CPU
		{5B5CC5B5-E3E2-46E4-8AEE-338A4788E5F8}.Release|Any CPU.ActiveCfg = Release|Any CPU
		{5B5CC5B5-E3E2-46E4-8AEE-338A4788E5F8}.Release|Any CPU.Build.0 = Release|Any CPU
		{1C4708C5-B75C-4D1D-A306-278F77035411}.Debug|Any CPU.ActiveCfg = Debug|Any CPU
		{1C4708C5-B75C-4D1D-A306-278F77035411}.Debug|Any CPU.Build.0 = Debug|Any CPU
		{1C4708C5-B75C-4D1D-A306-278F77035411}.Release|Any CPU.ActiveCfg = Release|Any CPU
		{1C4708C5-B75C-4D1D-A306-278F77035411}.Release|Any CPU.Build.0 = Release|Any CPU
	EndGlobalSection
	GlobalSection(SolutionProperties) = preSolution
		HideSolutionNode = FALSE
	EndGlobalSection
	GlobalSection(ExtensibilityGlobals) = postSolution
		SolutionGuid = {038A3294-F51B-41CB-B5D8-42B610687358}
	EndGlobalSection
EndGlobal
