
Microsoft Visual Studio Solution File, Format Version 12.00
# Visual Studio Version 17
VisualStudioVersion = 17.8.34330.188
MinimumVisualStudioVersion = 10.0.40219.1
Project("{9A19103F-16F7-4668-BE54-9A1E7A4F7556}") = "DBtest", "DBtest\DBtest.csproj", "{7DEE5BBF-EA4E-4AB0-BF89-76D3594E9D59}"
EndProject
Project("{FAE04EC0-301F-11D3-BF4B-00C04F79EFBC}") = "TestProject1", "TestProject1\TestProject1.csproj", "{9B572110-48CE-4DB2-8A8D-2F2B9158EE75}"
EndProject
Global
	GlobalSection(SolutionConfigurationPlatforms) = preSolution
		Debug|Any CPU = Debug|Any CPU
		Release|Any CPU = Release|Any CPU
	EndGlobalSection
	GlobalSection(ProjectConfigurationPlatforms) = postSolution
		{7DEE5BBF-EA4E-4AB0-BF89-76D3594E9D59}.Debug|Any CPU.ActiveCfg = Debug|Any CPU
		{7DEE5BBF-EA4E-4AB0-BF89-76D3594E9D59}.Debug|Any CPU.Build.0 = Debug|Any CPU
		{7DEE5BBF-EA4E-4AB0-BF89-76D3594E9D59}.Release|Any CPU.ActiveCfg = Release|Any CPU
		{7DEE5BBF-EA4E-4AB0-BF89-76D3594E9D59}.Release|Any CPU.Build.0 = Release|Any CPU
		{9B572110-48CE-4DB2-8A8D-2F2B9158EE75}.Debug|Any CPU.ActiveCfg = Debug|Any CPU
		{9B572110-48CE-4DB2-8A8D-2F2B9158EE75}.Debug|Any CPU.Build.0 = Debug|Any CPU
		{9B572110-48CE-4DB2-8A8D-2F2B9158EE75}.Release|Any CPU.ActiveCfg = Release|Any CPU
		{9B572110-48CE-4DB2-8A8D-2F2B9158EE75}.Release|Any CPU.Build.0 = Release|Any CPU
	EndGlobalSection
	GlobalSection(SolutionProperties) = preSolution
		HideSolutionNode = FALSE
	EndGlobalSection
	GlobalSection(ExtensibilityGlobals) = postSolution
		SolutionGuid = {3727C032-8748-49A6-97EA-AA1BD0621A78}
	EndGlobalSection
EndGlobal
