
Microsoft Visual Studio Solution File, Format Version 12.00
# Visual Studio Version 17
VisualStudioVersion = 17.7.34202.233
MinimumVisualStudioVersion = 10.0.40219.1
Project("{FAE04EC0-301F-11D3-BF4B-00C04F79EFBC}") = "Home_work", "Home_work\Home_work.csproj", "{75822F32-C976-44DB-8FA8-E50CAEF9471D}"
EndProject
Global
	GlobalSection(SolutionConfigurationPlatforms) = preSolution
		Debug|Any CPU = Debug|Any CPU
		Release|Any CPU = Release|Any CPU
	EndGlobalSection
	GlobalSection(ProjectConfigurationPlatforms) = postSolution
		{75822F32-C976-44DB-8FA8-E50CAEF9471D}.Debug|Any CPU.ActiveCfg = Debug|Any CPU
		{75822F32-C976-44DB-8FA8-E50CAEF9471D}.Debug|Any CPU.Build.0 = Debug|Any CPU
		{75822F32-C976-44DB-8FA8-E50CAEF9471D}.Release|Any CPU.ActiveCfg = Release|Any CPU
		{75822F32-C976-44DB-8FA8-E50CAEF9471D}.Release|Any CPU.Build.0 = Release|Any CPU
	EndGlobalSection
	GlobalSection(SolutionProperties) = preSolution
		HideSolutionNode = FALSE
	EndGlobalSection
	GlobalSection(ExtensibilityGlobals) = postSolution
		SolutionGuid = {A1E884B1-392B-4CE8-9513-3F75A94AFA59}
	EndGlobalSection
EndGlobal
