
Microsoft Visual Studio Solution File, Format Version 12.00
# Visual Studio Version 17
VisualStudioVersion = 17.7.34202.233
MinimumVisualStudioVersion = 10.0.40219.1
Project("{FAE04EC0-301F-11D3-BF4B-00C04F79EFBC}") = "Lcs1", "Lcs1\Lcs1.csproj", "{B66E607F-A2D5-453E-931A-82537C742848}"
EndProject
Global
	GlobalSection(SolutionConfigurationPlatforms) = preSolution
		Debug|Any CPU = Debug|Any CPU
		Release|Any CPU = Release|Any CPU
	EndGlobalSection
	GlobalSection(ProjectConfigurationPlatforms) = postSolution
		{B66E607F-A2D5-453E-931A-82537C742848}.Debug|Any CPU.ActiveCfg = Debug|Any CPU
		{B66E607F-A2D5-453E-931A-82537C742848}.Debug|Any CPU.Build.0 = Debug|Any CPU
		{B66E607F-A2D5-453E-931A-82537C742848}.Release|Any CPU.ActiveCfg = Release|Any CPU
		{B66E607F-A2D5-453E-931A-82537C742848}.Release|Any CPU.Build.0 = Release|Any CPU
	EndGlobalSection
	GlobalSection(SolutionProperties) = preSolution
		HideSolutionNode = FALSE
	EndGlobalSection
	GlobalSection(ExtensibilityGlobals) = postSolution
		SolutionGuid = {46BCC621-E34F-475B-8BE7-29882A584381}
	EndGlobalSection
EndGlobal
