
Microsoft Visual Studio Solution File, Format Version 12.00
# Visual Studio Version 17
VisualStudioVersion = 17.7.34202.233
MinimumVisualStudioVersion = 10.0.40219.1
Project("{FAE04EC0-301F-11D3-BF4B-00C04F79EFBC}") = "ConsoleApp1", "ConsoleApp1\ConsoleApp1.csproj", "{0CDBCE95-55F6-42DA-8EDA-BDD5DD565F0C}"
EndProject
Global
	GlobalSection(SolutionConfigurationPlatforms) = preSolution
		Debug|Any CPU = Debug|Any CPU
		Release|Any CPU = Release|Any CPU
	EndGlobalSection
	GlobalSection(ProjectConfigurationPlatforms) = postSolution
		{0CDBCE95-55F6-42DA-8EDA-BDD5DD565F0C}.Debug|Any CPU.ActiveCfg = Debug|Any CPU
		{0CDBCE95-55F6-42DA-8EDA-BDD5DD565F0C}.Debug|Any CPU.Build.0 = Debug|Any CPU
		{0CDBCE95-55F6-42DA-8EDA-BDD5DD565F0C}.Release|Any CPU.ActiveCfg = Release|Any CPU
		{0CDBCE95-55F6-42DA-8EDA-BDD5DD565F0C}.Release|Any CPU.Build.0 = Release|Any CPU
	EndGlobalSection
	GlobalSection(SolutionProperties) = preSolution
		HideSolutionNode = FALSE
	EndGlobalSection
	GlobalSection(ExtensibilityGlobals) = postSolution
		SolutionGuid = {D2DCDEE1-4A51-4E8D-9B29-C2ED2D15724D}
	EndGlobalSection
EndGlobal
